
Microsoft Visual Studio Solution File, Format Version 12.00
Project("{FAE04EC0-301F-11D3-BF4B-00C04F79EFBC}") = "Desktop", "Desktop\Desktop.csproj", "{6E7E573B-B13E-4F45-B3E3-1BE722DCAACD}"
EndProject
Project("{FAE04EC0-301F-11D3-BF4B-00C04F79EFBC}") = "Server", "Server\Server.csproj", "{7F94B470-B06F-43C0-9655-6592A9AE2D92}"
EndProject
Global
	GlobalSection(SolutionConfigurationPlatforms) = preSolution
		Debug|Any CPU = Debug|Any CPU
		Release|Any CPU = Release|Any CPU
	EndGlobalSection
	GlobalSection(ProjectConfigurationPlatforms) = postSolution
		{6E7E573B-B13E-4F45-B3E3-1BE722DCAACD}.Debug|Any CPU.ActiveCfg = Debug|Any CPU
		{6E7E573B-B13E-4F45-B3E3-1BE722DCAACD}.Debug|Any CPU.Build.0 = Debug|Any CPU
		{6E7E573B-B13E-4F45-B3E3-1BE722DCAACD}.Release|Any CPU.ActiveCfg = Release|Any CPU
		{6E7E573B-B13E-4F45-B3E3-1BE722DCAACD}.Release|Any CPU.Build.0 = Release|Any CPU
		{7F94B470-B06F-43C0-9655-6592A9AE2D92}.Debug|Any CPU.ActiveCfg = Debug|Any CPU
		{7F94B470-B06F-43C0-9655-6592A9AE2D92}.Debug|Any CPU.Build.0 = Debug|Any CPU
		{7F94B470-B06F-43C0-9655-6592A9AE2D92}.Release|Any CPU.ActiveCfg = Release|Any CPU
		{7F94B470-B06F-43C0-9655-6592A9AE2D92}.Release|Any CPU.Build.0 = Release|Any CPU
	EndGlobalSection
EndGlobal
